
Microsoft Visual Studio Solution File, Format Version 12.00
# Visual Studio 15
VisualStudioVersion = 15.0.27004.2008
MinimumVisualStudioVersion = 10.0.40219.1
Project("{FAE04EC0-301F-11D3-BF4B-00C04F79EFBC}") = "AspNetVs2017.Capitulo01.Variaveis", "AspNetVs2017.Capitulo01.Variaveis\AspNetVs2017.Capitulo01.Variaveis.csproj", "{75F973FB-F637-42AC-8E4A-E1BC8402A47C}"
EndProject
Project("{FAE04EC0-301F-11D3-BF4B-00C04F79EFBC}") = "AspNetVS2017.Capitulo01.Troco", "AspNetVS2017.Capitulo01.Troco\AspNetVS2017.Capitulo01.Troco.csproj", "{7A27740B-1D06-4E7F-BBA0-09F9688E08C6}"
EndProject
Project("{FAE04EC0-301F-11D3-BF4B-00C04F79EFBC}") = "AspNetVS2017.Capitulo01.Fretes", "AspNetVS2017.Capitulo01.Fretes\AspNetVS2017.Capitulo01.Fretes.csproj", "{8C901830-AEBD-4815-8F5F-9AC3AD8B13FF}"
EndProject
Project("{FAE04EC0-301F-11D3-BF4B-00C04F79EFBC}") = "AspNetVS2017.Capitulo01.Tabuada", "AspNetVS2017.Capitulo01.Tabuada\AspNetVS2017.Capitulo01.Tabuada.csproj", "{17D8992B-7688-429D-BABC-CCAACD348F4A}"
EndProject
Project("{FAE04EC0-301F-11D3-BF4B-00C04F79EFBC}") = "AspNetVS2017.Capitulo01.Repeticao.Testes", "AspNetVS2017.Capitulo01.Repeticao.Testes\AspNetVS2017.Capitulo01.Repeticao.Testes.csproj", "{1358CDE9-9993-4529-AD16-C2A377EDF58F}"
EndProject
Project("{FAE04EC0-301F-11D3-BF4B-00C04F79EFBC}") = "AspNetVS2017.Capitulo01.Vetores.Testes", "AspNetVS2017.Capitulo01.Vetores.Testes\AspNetVS2017.Capitulo01.Vetores.Testes.csproj", "{8563C5E6-A4CA-4108-AF3D-FDCDAB8F7D7A}"
EndProject
Project("{2150E333-8FDC-42A3-9474-1A3956D46DE8}") = "Oficina", "Oficina", "{A84200C6-8361-4E7F-B2F3-63D82EE61DE3}"
EndProject
Project("{FAE04EC0-301F-11D3-BF4B-00C04F79EFBC}") = "Oficina.Dominio", "Oficina.Dominio\Oficina.Dominio.csproj", "{927F24FA-41D0-4F7B-AE7D-548A7E6E26A7}"
EndProject
Project("{FAE04EC0-301F-11D3-BF4B-00C04F79EFBC}") = "Oficina.Repositorios.SistemaDeArquivos", "Oficina.Repositorios.SistemaDeArquivos\Oficina.Repositorios.SistemaDeArquivos.csproj", "{3EB57664-15AE-4CCD-8759-CD5265480870}"
EndProject
Project("{FAE04EC0-301F-11D3-BF4B-00C04F79EFBC}") = "Oficina.Repositorios.SistemaDeArquivosTests", "Oficina.Repositorios.SistemaDeArquivosTests\Oficina.Repositorios.SistemaDeArquivosTests.csproj", "{B15A2FF7-F3C9-49E9-ABF8-C7A0FFD8F5A2}"
EndProject
Project("{FAE04EC0-301F-11D3-BF4B-00C04F79EFBC}") = "Oficina.WebPages", "Oficina.WebPages\Oficina.WebPages.csproj", "{99B32AB1-7BB2-41E3-A8EF-C30E674447C7}"
EndProject
Project("{FAE04EC0-301F-11D3-BF4B-00C04F79EFBC}") = "AspNetVS2017.Capitulo02.Http.Testes", "AspNetVS2017.Capitulo02.Http.Testes\AspNetVS2017.Capitulo02.Http.Testes.csproj", "{A5AA44DD-8ECF-46CB-B067-DC6C98916C00}"
EndProject
Project("{FAE04EC0-301F-11D3-BF4B-00C04F79EFBC}") = "AspNetVS2017.Capitulo03.Mvc.Portfolio", "AspNetVS2017.Capitulo03.Mvc.Portfolio\AspNetVS2017.Capitulo03.Mvc.Portfolio.csproj", "{8326BFBC-5742-45BD-9B37-9827AF4171E0}"
EndProject
Project("{2150E333-8FDC-42A3-9474-1A3956D46DE8}") = "ViagensOnline", "ViagensOnline", "{A387DB87-7255-4F6C-B9C8-001DF22A7DF0}"
EndProject
Project("{FAE04EC0-301F-11D3-BF4B-00C04F79EFBC}") = "ViagensOnline.Dominio", "ViagensOnline.Dominio\ViagensOnline.Dominio.csproj", "{05B2A9AB-9BE8-48B3-AFE4-ADEE2CB94144}"
EndProject
Project("{FAE04EC0-301F-11D3-BF4B-00C04F79EFBC}") = "ViagensOnline.Repositorios.SqlServer", "ViagensOnline.Repositorios.SqlServer\ViagensOnline.Repositorios.SqlServer.csproj", "{36DB2C12-9ADE-484B-8955-BADD3AA29DC6}"
EndProject
Project("{FAE04EC0-301F-11D3-BF4B-00C04F79EFBC}") = "ViagensOnline.Repositorios.SqlServerTests", "ViagensOnline.Repositorios.SqlServerTests\ViagensOnline.Repositorios.SqlServerTests.csproj", "{B1028C4C-1CEC-41A6-97DD-0360C9CD7162}"
EndProject
Project("{FAE04EC0-301F-11D3-BF4B-00C04F79EFBC}") = "ViagensOnline.Mvc", "ViagensOnline.Mvc\ViagensOnline.Mvc.csproj", "{C29E967D-225D-47C3-B8B2-F042067D313B}"
EndProject
Project("{2150E333-8FDC-42A3-9474-1A3956D46DE8}") = "Pessoal", "Pessoal", "{892C913E-5257-4708-8A7E-FACACBA8A4B6}"
EndProject
Project("{FAE04EC0-301F-11D3-BF4B-00C04F79EFBC}") = "Pessoal.Dominio", "Pessoal.Dominio\Pessoal.Dominio.csproj", "{C543673D-9AA6-4FB8-9672-727BD6A459FA}"
EndProject
Project("{FAE04EC0-301F-11D3-BF4B-00C04F79EFBC}") = "Pessoal.Repositorios.SqlServer", "Pessoal.Repositorios.SqlServer\Pessoal.Repositorios.SqlServer.csproj", "{4ABED23B-308A-4A3F-99AC-E32F609E8E63}"
EndProject
Project("{FAE04EC0-301F-11D3-BF4B-00C04F79EFBC}") = "Pessoal.Repositorios.SqlServerTests", "Pessoal.Repositorios.SqlServerTests\Pessoal.Repositorios.SqlServerTests.csproj", "{FF2224E1-058E-46F0-BBFE-86E7B11B05C2}"
EndProject
Project("{9A19103F-16F7-4668-BE54-9A1E7A4F7556}") = "Pessoal.Mvc", "Pessoal.Mvc\Pessoal.Mvc.csproj", "{DD5E97B6-6317-48D2-9E70-A68D354F301B}"
EndProject
Project("{FAE04EC0-301F-11D3-BF4B-00C04F79EFBC}") = "AspNetVS2017.Capitulo08.EFModelDatabaseFirst", "AspNetVS2017.Capitulo08.EFModelDatabaseFirst\AspNetVS2017.Capitulo08.EFModelDatabaseFirst.csproj", "{1E598D6C-A211-4B0C-830C-6EF118BE3607}"
EndProject
Project("{2150E333-8FDC-42A3-9474-1A3956D46DE8}") = "Northwind", "Northwind", "{F63D9B18-A85A-42CF-B5B8-B94E210B982A}"
EndProject
Project("{FAE04EC0-301F-11D3-BF4B-00C04F79EFBC}") = "Northwind.Repositorios.SqlServer", "Northwind.Repositorios.SqlServer\Northwind.Repositorios.SqlServer.csproj", "{6D765EDD-508A-4C7B-A049-5D70A0FE826F}"
EndProject
Project("{2150E333-8FDC-42A3-9474-1A3956D46DE8}") = "Loja", "Loja", "{8B954413-7517-4890-9E99-D13D1303CE32}"
EndProject
Project("{FAE04EC0-301F-11D3-BF4B-00C04F79EFBC}") = "Loja.Dominio", "Loja.Dominio\Loja.Dominio.csproj", "{A7C5C76B-B24D-4FA8-9667-8547ED14009B}"
EndProject
Project("{FAE04EC0-301F-11D3-BF4B-00C04F79EFBC}") = "Loja.Repositorios.SqlServer", "Loja.Repositorios.SqlServer\Loja.Repositorios.SqlServer.csproj", "{35017BD2-649C-4932-A96C-A54978CA869C}"
EndProject
Project("{FAE04EC0-301F-11D3-BF4B-00C04F79EFBC}") = "Loja.Repositorios.SqlServerTests", "Loja.Repositorios.SqlServerTests\Loja.Repositorios.SqlServerTests.csproj", "{7057353B-CE23-484A-8F06-EE9B4BAD17AF}"
EndProject
Project("{FAE04EC0-301F-11D3-BF4B-00C04F79EFBC}") = "Loja.Mvc", "Loja.Mvc\Loja.Mvc.csproj", "{D923B8D5-FBC2-4896-B4DE-52CCEB2CE5E5}"
EndProject
Project("{FAE04EC0-301F-11D3-BF4B-00C04F79EFBC}") = "Northwind.WebApi", "Northwind.WebApi\Northwind.WebApi.csproj", "{C8403211-40FA-4772-BBBF-5D883031D023}"
EndProject
Project("{2150E333-8FDC-42A3-9474-1A3956D46DE8}") = "Backend", "Backend", "{87E3B4F8-993A-4285-962D-78C626910E25}"
EndProject
Project("{2150E333-8FDC-42A3-9474-1A3956D46DE8}") = "Frontend", "Frontend", "{2BC91EF0-7A8B-4B54-88C3-E95B73B89738}"
EndProject
Project("{FAE04EC0-301F-11D3-BF4B-00C04F79EFBC}") = "Northwind.Html", "Northwind.Html\Northwind.Html.csproj", "{DF4526E3-8499-45F5-8A85-9075B0ED7759}"
EndProject
Project("{FAE04EC0-301F-11D3-BF4B-00C04F79EFBC}") = "Northwind.Repositorios.WebApi", "Northwind.Repositorios.WebApi\Northwind.Repositorios.WebApi.csproj", "{D1C89260-F631-474E-BBE0-D1FD4A2DC4EF}"
EndProject
Project("{FAE04EC0-301F-11D3-BF4B-00C04F79EFBC}") = "Northwind.Repositorios.WebApiTests", "Northwind.Repositorios.WebApiTests\Northwind.Repositorios.WebApiTests.csproj", "{F4723D87-EC10-4285-AF47-BE398DD72597}"
EndProject
Project("{FAE04EC0-301F-11D3-BF4B-00C04F79EFBC}") = "Login.Mvc", "Login.Mvc\Login.Mvc.csproj", "{3AD4A64A-95B6-42CF-B461-00241B80732D}"
EndProject
Project("{FAE04EC0-301F-11D3-BF4B-00C04F79EFBC}") = "Loja.Recursos", "Loja.Recursos\Loja.Recursos.csproj", "{8526DBB0-0B9A-4749-B1B4-928137242D8C}"
EndProject
Global
	GlobalSection(SolutionConfigurationPlatforms) = preSolution
		Debug|Any CPU = Debug|Any CPU
		Release|Any CPU = Release|Any CPU
	EndGlobalSection
	GlobalSection(ProjectConfigurationPlatforms) = postSolution
		{75F973FB-F637-42AC-8E4A-E1BC8402A47C}.Debug|Any CPU.ActiveCfg = Debug|Any CPU
		{75F973FB-F637-42AC-8E4A-E1BC8402A47C}.Debug|Any CPU.Build.0 = Debug|Any CPU
		{75F973FB-F637-42AC-8E4A-E1BC8402A47C}.Release|Any CPU.ActiveCfg = Release|Any CPU
		{75F973FB-F637-42AC-8E4A-E1BC8402A47C}.Release|Any CPU.Build.0 = Release|Any CPU
		{7A27740B-1D06-4E7F-BBA0-09F9688E08C6}.Debug|Any CPU.ActiveCfg = Debug|Any CPU
		{7A27740B-1D06-4E7F-BBA0-09F9688E08C6}.Release|Any CPU.ActiveCfg = Release|Any CPU
		{7A27740B-1D06-4E7F-BBA0-09F9688E08C6}.Release|Any CPU.Build.0 = Release|Any CPU
		{8C901830-AEBD-4815-8F5F-9AC3AD8B13FF}.Debug|Any CPU.ActiveCfg = Debug|Any CPU
		{8C901830-AEBD-4815-8F5F-9AC3AD8B13FF}.Debug|Any CPU.Build.0 = Debug|Any CPU
		{8C901830-AEBD-4815-8F5F-9AC3AD8B13FF}.Release|Any CPU.ActiveCfg = Release|Any CPU
		{8C901830-AEBD-4815-8F5F-9AC3AD8B13FF}.Release|Any CPU.Build.0 = Release|Any CPU
		{17D8992B-7688-429D-BABC-CCAACD348F4A}.Debug|Any CPU.ActiveCfg = Debug|Any CPU
		{17D8992B-7688-429D-BABC-CCAACD348F4A}.Debug|Any CPU.Build.0 = Debug|Any CPU
		{17D8992B-7688-429D-BABC-CCAACD348F4A}.Release|Any CPU.ActiveCfg = Release|Any CPU
		{17D8992B-7688-429D-BABC-CCAACD348F4A}.Release|Any CPU.Build.0 = Release|Any CPU
		{1358CDE9-9993-4529-AD16-C2A377EDF58F}.Debug|Any CPU.ActiveCfg = Debug|Any CPU
		{1358CDE9-9993-4529-AD16-C2A377EDF58F}.Debug|Any CPU.Build.0 = Debug|Any CPU
		{1358CDE9-9993-4529-AD16-C2A377EDF58F}.Release|Any CPU.ActiveCfg = Release|Any CPU
		{1358CDE9-9993-4529-AD16-C2A377EDF58F}.Release|Any CPU.Build.0 = Release|Any CPU
		{8563C5E6-A4CA-4108-AF3D-FDCDAB8F7D7A}.Debug|Any CPU.ActiveCfg = Debug|Any CPU
		{8563C5E6-A4CA-4108-AF3D-FDCDAB8F7D7A}.Debug|Any CPU.Build.0 = Debug|Any CPU
		{8563C5E6-A4CA-4108-AF3D-FDCDAB8F7D7A}.Release|Any CPU.ActiveCfg = Release|Any CPU
		{8563C5E6-A4CA-4108-AF3D-FDCDAB8F7D7A}.Release|Any CPU.Build.0 = Release|Any CPU
		{927F24FA-41D0-4F7B-AE7D-548A7E6E26A7}.Debug|Any CPU.ActiveCfg = Debug|Any CPU
		{927F24FA-41D0-4F7B-AE7D-548A7E6E26A7}.Debug|Any CPU.Build.0 = Debug|Any CPU
		{927F24FA-41D0-4F7B-AE7D-548A7E6E26A7}.Release|Any CPU.ActiveCfg = Release|Any CPU
		{927F24FA-41D0-4F7B-AE7D-548A7E6E26A7}.Release|Any CPU.Build.0 = Release|Any CPU
		{3EB57664-15AE-4CCD-8759-CD5265480870}.Debug|Any CPU.ActiveCfg = Debug|Any CPU
		{3EB57664-15AE-4CCD-8759-CD5265480870}.Debug|Any CPU.Build.0 = Debug|Any CPU
		{3EB57664-15AE-4CCD-8759-CD5265480870}.Release|Any CPU.ActiveCfg = Release|Any CPU
		{3EB57664-15AE-4CCD-8759-CD5265480870}.Release|Any CPU.Build.0 = Release|Any CPU
		{B15A2FF7-F3C9-49E9-ABF8-C7A0FFD8F5A2}.Debug|Any CPU.ActiveCfg = Debug|Any CPU
		{B15A2FF7-F3C9-49E9-ABF8-C7A0FFD8F5A2}.Debug|Any CPU.Build.0 = Debug|Any CPU
		{B15A2FF7-F3C9-49E9-ABF8-C7A0FFD8F5A2}.Release|Any CPU.ActiveCfg = Release|Any CPU
		{B15A2FF7-F3C9-49E9-ABF8-C7A0FFD8F5A2}.Release|Any CPU.Build.0 = Release|Any CPU
		{99B32AB1-7BB2-41E3-A8EF-C30E674447C7}.Debug|Any CPU.ActiveCfg = Debug|Any CPU
		{99B32AB1-7BB2-41E3-A8EF-C30E674447C7}.Debug|Any CPU.Build.0 = Debug|Any CPU
		{99B32AB1-7BB2-41E3-A8EF-C30E674447C7}.Release|Any CPU.ActiveCfg = Release|Any CPU
		{99B32AB1-7BB2-41E3-A8EF-C30E674447C7}.Release|Any CPU.Build.0 = Release|Any CPU
		{A5AA44DD-8ECF-46CB-B067-DC6C98916C00}.Debug|Any CPU.ActiveCfg = Debug|Any CPU
		{A5AA44DD-8ECF-46CB-B067-DC6C98916C00}.Debug|Any CPU.Build.0 = Debug|Any CPU
		{A5AA44DD-8ECF-46CB-B067-DC6C98916C00}.Release|Any CPU.ActiveCfg = Release|Any CPU
		{A5AA44DD-8ECF-46CB-B067-DC6C98916C00}.Release|Any CPU.Build.0 = Release|Any CPU
		{8326BFBC-5742-45BD-9B37-9827AF4171E0}.Debug|Any CPU.ActiveCfg = Debug|Any CPU
		{8326BFBC-5742-45BD-9B37-9827AF4171E0}.Debug|Any CPU.Build.0 = Debug|Any CPU
		{8326BFBC-5742-45BD-9B37-9827AF4171E0}.Release|Any CPU.ActiveCfg = Release|Any CPU
		{8326BFBC-5742-45BD-9B37-9827AF4171E0}.Release|Any CPU.Build.0 = Release|Any CPU
		{05B2A9AB-9BE8-48B3-AFE4-ADEE2CB94144}.Debug|Any CPU.ActiveCfg = Debug|Any CPU
		{05B2A9AB-9BE8-48B3-AFE4-ADEE2CB94144}.Debug|Any CPU.Build.0 = Debug|Any CPU
		{05B2A9AB-9BE8-48B3-AFE4-ADEE2CB94144}.Release|Any CPU.ActiveCfg = Release|Any CPU
		{05B2A9AB-9BE8-48B3-AFE4-ADEE2CB94144}.Release|Any CPU.Build.0 = Release|Any CPU
		{36DB2C12-9ADE-484B-8955-BADD3AA29DC6}.Debug|Any CPU.ActiveCfg = Debug|Any CPU
		{36DB2C12-9ADE-484B-8955-BADD3AA29DC6}.Debug|Any CPU.Build.0 = Debug|Any CPU
		{36DB2C12-9ADE-484B-8955-BADD3AA29DC6}.Release|Any CPU.ActiveCfg = Release|Any CPU
		{36DB2C12-9ADE-484B-8955-BADD3AA29DC6}.Release|Any CPU.Build.0 = Release|Any CPU
		{B1028C4C-1CEC-41A6-97DD-0360C9CD7162}.Debug|Any CPU.ActiveCfg = Debug|Any CPU
		{B1028C4C-1CEC-41A6-97DD-0360C9CD7162}.Debug|Any CPU.Build.0 = Debug|Any CPU
		{B1028C4C-1CEC-41A6-97DD-0360C9CD7162}.Release|Any CPU.ActiveCfg = Release|Any CPU
		{B1028C4C-1CEC-41A6-97DD-0360C9CD7162}.Release|Any CPU.Build.0 = Release|Any CPU
		{C29E967D-225D-47C3-B8B2-F042067D313B}.Debug|Any CPU.ActiveCfg = Debug|Any CPU
		{C29E967D-225D-47C3-B8B2-F042067D313B}.Debug|Any CPU.Build.0 = Debug|Any CPU
		{C29E967D-225D-47C3-B8B2-F042067D313B}.Release|Any CPU.ActiveCfg = Release|Any CPU
		{C29E967D-225D-47C3-B8B2-F042067D313B}.Release|Any CPU.Build.0 = Release|Any CPU
		{C543673D-9AA6-4FB8-9672-727BD6A459FA}.Debug|Any CPU.ActiveCfg = Debug|Any CPU
		{C543673D-9AA6-4FB8-9672-727BD6A459FA}.Debug|Any CPU.Build.0 = Debug|Any CPU
		{C543673D-9AA6-4FB8-9672-727BD6A459FA}.Release|Any CPU.ActiveCfg = Release|Any CPU
		{C543673D-9AA6-4FB8-9672-727BD6A459FA}.Release|Any CPU.Build.0 = Release|Any CPU
		{4ABED23B-308A-4A3F-99AC-E32F609E8E63}.Debug|Any CPU.ActiveCfg = Debug|Any CPU
		{4ABED23B-308A-4A3F-99AC-E32F609E8E63}.Debug|Any CPU.Build.0 = Debug|Any CPU
		{4ABED23B-308A-4A3F-99AC-E32F609E8E63}.Release|Any CPU.ActiveCfg = Release|Any CPU
		{4ABED23B-308A-4A3F-99AC-E32F609E8E63}.Release|Any CPU.Build.0 = Release|Any CPU
		{FF2224E1-058E-46F0-BBFE-86E7B11B05C2}.Debug|Any CPU.ActiveCfg = Debug|Any CPU
		{FF2224E1-058E-46F0-BBFE-86E7B11B05C2}.Debug|Any CPU.Build.0 = Debug|Any CPU
		{FF2224E1-058E-46F0-BBFE-86E7B11B05C2}.Release|Any CPU.ActiveCfg = Release|Any CPU
		{FF2224E1-058E-46F0-BBFE-86E7B11B05C2}.Release|Any CPU.Build.0 = Release|Any CPU
		{DD5E97B6-6317-48D2-9E70-A68D354F301B}.Debug|Any CPU.ActiveCfg = Debug|Any CPU
		{DD5E97B6-6317-48D2-9E70-A68D354F301B}.Debug|Any CPU.Build.0 = Debug|Any CPU
		{DD5E97B6-6317-48D2-9E70-A68D354F301B}.Release|Any CPU.ActiveCfg = Release|Any CPU
		{DD5E97B6-6317-48D2-9E70-A68D354F301B}.Release|Any CPU.Build.0 = Release|Any CPU
		{1E598D6C-A211-4B0C-830C-6EF118BE3607}.Debug|Any CPU.ActiveCfg = Debug|Any CPU
		{1E598D6C-A211-4B0C-830C-6EF118BE3607}.Debug|Any CPU.Build.0 = Debug|Any CPU
		{1E598D6C-A211-4B0C-830C-6EF118BE3607}.Release|Any CPU.ActiveCfg = Release|Any CPU
		{1E598D6C-A211-4B0C-830C-6EF118BE3607}.Release|Any CPU.Build.0 = Release|Any CPU
		{6D765EDD-508A-4C7B-A049-5D70A0FE826F}.Debug|Any CPU.ActiveCfg = Debug|Any CPU
		{6D765EDD-508A-4C7B-A049-5D70A0FE826F}.Debug|Any CPU.Build.0 = Debug|Any CPU
		{6D765EDD-508A-4C7B-A049-5D70A0FE826F}.Release|Any CPU.ActiveCfg = Release|Any CPU
		{6D765EDD-508A-4C7B-A049-5D70A0FE826F}.Release|Any CPU.Build.0 = Release|Any CPU
		{A7C5C76B-B24D-4FA8-9667-8547ED14009B}.Debug|Any CPU.ActiveCfg = Debug|Any CPU
		{A7C5C76B-B24D-4FA8-9667-8547ED14009B}.Debug|Any CPU.Build.0 = Debug|Any CPU
		{A7C5C76B-B24D-4FA8-9667-8547ED14009B}.Release|Any CPU.ActiveCfg = Release|Any CPU
		{A7C5C76B-B24D-4FA8-9667-8547ED14009B}.Release|Any CPU.Build.0 = Release|Any CPU
		{35017BD2-649C-4932-A96C-A54978CA869C}.Debug|Any CPU.ActiveCfg = Debug|Any CPU
		{35017BD2-649C-4932-A96C-A54978CA869C}.Debug|Any CPU.Build.0 = Debug|Any CPU
		{35017BD2-649C-4932-A96C-A54978CA869C}.Release|Any CPU.ActiveCfg = Release|Any CPU
		{35017BD2-649C-4932-A96C-A54978CA869C}.Release|Any CPU.Build.0 = Release|Any CPU
		{7057353B-CE23-484A-8F06-EE9B4BAD17AF}.Debug|Any CPU.ActiveCfg = Debug|Any CPU
		{7057353B-CE23-484A-8F06-EE9B4BAD17AF}.Debug|Any CPU.Build.0 = Debug|Any CPU
		{7057353B-CE23-484A-8F06-EE9B4BAD17AF}.Release|Any CPU.ActiveCfg = Release|Any CPU
		{7057353B-CE23-484A-8F06-EE9B4BAD17AF}.Release|Any CPU.Build.0 = Release|Any CPU
		{D923B8D5-FBC2-4896-B4DE-52CCEB2CE5E5}.Debug|Any CPU.ActiveCfg = Debug|Any CPU
		{D923B8D5-FBC2-4896-B4DE-52CCEB2CE5E5}.Debug|Any CPU.Build.0 = Debug|Any CPU
		{D923B8D5-FBC2-4896-B4DE-52CCEB2CE5E5}.Release|Any CPU.ActiveCfg = Release|Any CPU
		{D923B8D5-FBC2-4896-B4DE-52CCEB2CE5E5}.Release|Any CPU.Build.0 = Release|Any CPU
		{C8403211-40FA-4772-BBBF-5D883031D023}.Debug|Any CPU.ActiveCfg = Debug|Any CPU
		{C8403211-40FA-4772-BBBF-5D883031D023}.Debug|Any CPU.Build.0 = Debug|Any CPU
		{C8403211-40FA-4772-BBBF-5D883031D023}.Release|Any CPU.ActiveCfg = Release|Any CPU
		{C8403211-40FA-4772-BBBF-5D883031D023}.Release|Any CPU.Build.0 = Release|Any CPU
		{DF4526E3-8499-45F5-8A85-9075B0ED7759}.Debug|Any CPU.ActiveCfg = Debug|Any CPU
		{DF4526E3-8499-45F5-8A85-9075B0ED7759}.Debug|Any CPU.Build.0 = Debug|Any CPU
		{DF4526E3-8499-45F5-8A85-9075B0ED7759}.Release|Any CPU.ActiveCfg = Release|Any CPU
		{DF4526E3-8499-45F5-8A85-9075B0ED7759}.Release|Any CPU.Build.0 = Release|Any CPU
		{D1C89260-F631-474E-BBE0-D1FD4A2DC4EF}.Debug|Any CPU.ActiveCfg = Debug|Any CPU
		{D1C89260-F631-474E-BBE0-D1FD4A2DC4EF}.Debug|Any CPU.Build.0 = Debug|Any CPU
		{D1C89260-F631-474E-BBE0-D1FD4A2DC4EF}.Release|Any CPU.ActiveCfg = Release|Any CPU
		{D1C89260-F631-474E-BBE0-D1FD4A2DC4EF}.Release|Any CPU.Build.0 = Release|Any CPU
		{F4723D87-EC10-4285-AF47-BE398DD72597}.Debug|Any CPU.ActiveCfg = Debug|Any CPU
		{F4723D87-EC10-4285-AF47-BE398DD72597}.Debug|Any CPU.Build.0 = Debug|Any CPU
		{F4723D87-EC10-4285-AF47-BE398DD72597}.Release|Any CPU.ActiveCfg = Release|Any CPU
		{F4723D87-EC10-4285-AF47-BE398DD72597}.Release|Any CPU.Build.0 = Release|Any CPU
		{3AD4A64A-95B6-42CF-B461-00241B80732D}.Debug|Any CPU.ActiveCfg = Debug|Any CPU
		{3AD4A64A-95B6-42CF-B461-00241B80732D}.Debug|Any CPU.Build.0 = Debug|Any CPU
		{3AD4A64A-95B6-42CF-B461-00241B80732D}.Release|Any CPU.ActiveCfg = Release|Any CPU
		{3AD4A64A-95B6-42CF-B461-00241B80732D}.Release|Any CPU.Build.0 = Release|Any CPU
		{8526DBB0-0B9A-4749-B1B4-928137242D8C}.Debug|Any CPU.ActiveCfg = Debug|Any CPU
		{8526DBB0-0B9A-4749-B1B4-928137242D8C}.Debug|Any CPU.Build.0 = Debug|Any CPU
		{8526DBB0-0B9A-4749-B1B4-928137242D8C}.Release|Any CPU.ActiveCfg = Release|Any CPU
		{8526DBB0-0B9A-4749-B1B4-928137242D8C}.Release|Any CPU.Build.0 = Release|Any CPU
	EndGlobalSection
	GlobalSection(SolutionProperties) = preSolution
		HideSolutionNode = FALSE
	EndGlobalSection
	GlobalSection(NestedProjects) = preSolution
		{927F24FA-41D0-4F7B-AE7D-548A7E6E26A7} = {A84200C6-8361-4E7F-B2F3-63D82EE61DE3}
		{3EB57664-15AE-4CCD-8759-CD5265480870} = {A84200C6-8361-4E7F-B2F3-63D82EE61DE3}
		{B15A2FF7-F3C9-49E9-ABF8-C7A0FFD8F5A2} = {A84200C6-8361-4E7F-B2F3-63D82EE61DE3}
		{99B32AB1-7BB2-41E3-A8EF-C30E674447C7} = {A84200C6-8361-4E7F-B2F3-63D82EE61DE3}
		{05B2A9AB-9BE8-48B3-AFE4-ADEE2CB94144} = {A387DB87-7255-4F6C-B9C8-001DF22A7DF0}
		{36DB2C12-9ADE-484B-8955-BADD3AA29DC6} = {A387DB87-7255-4F6C-B9C8-001DF22A7DF0}
		{B1028C4C-1CEC-41A6-97DD-0360C9CD7162} = {A387DB87-7255-4F6C-B9C8-001DF22A7DF0}
		{C29E967D-225D-47C3-B8B2-F042067D313B} = {A387DB87-7255-4F6C-B9C8-001DF22A7DF0}
		{C543673D-9AA6-4FB8-9672-727BD6A459FA} = {892C913E-5257-4708-8A7E-FACACBA8A4B6}
		{4ABED23B-308A-4A3F-99AC-E32F609E8E63} = {892C913E-5257-4708-8A7E-FACACBA8A4B6}
		{FF2224E1-058E-46F0-BBFE-86E7B11B05C2} = {892C913E-5257-4708-8A7E-FACACBA8A4B6}
		{DD5E97B6-6317-48D2-9E70-A68D354F301B} = {892C913E-5257-4708-8A7E-FACACBA8A4B6}
		{6D765EDD-508A-4C7B-A049-5D70A0FE826F} = {87E3B4F8-993A-4285-962D-78C626910E25}
		{A7C5C76B-B24D-4FA8-9667-8547ED14009B} = {8B954413-7517-4890-9E99-D13D1303CE32}
		{35017BD2-649C-4932-A96C-A54978CA869C} = {8B954413-7517-4890-9E99-D13D1303CE32}
		{7057353B-CE23-484A-8F06-EE9B4BAD17AF} = {8B954413-7517-4890-9E99-D13D1303CE32}
		{D923B8D5-FBC2-4896-B4DE-52CCEB2CE5E5} = {8B954413-7517-4890-9E99-D13D1303CE32}
		{C8403211-40FA-4772-BBBF-5D883031D023} = {87E3B4F8-993A-4285-962D-78C626910E25}
		{87E3B4F8-993A-4285-962D-78C626910E25} = {F63D9B18-A85A-42CF-B5B8-B94E210B982A}
		{2BC91EF0-7A8B-4B54-88C3-E95B73B89738} = {F63D9B18-A85A-42CF-B5B8-B94E210B982A}
		{DF4526E3-8499-45F5-8A85-9075B0ED7759} = {2BC91EF0-7A8B-4B54-88C3-E95B73B89738}
		{D1C89260-F631-474E-BBE0-D1FD4A2DC4EF} = {2BC91EF0-7A8B-4B54-88C3-E95B73B89738}
		{F4723D87-EC10-4285-AF47-BE398DD72597} = {2BC91EF0-7A8B-4B54-88C3-E95B73B89738}
		{3AD4A64A-95B6-42CF-B461-00241B80732D} = {8B954413-7517-4890-9E99-D13D1303CE32}
		{8526DBB0-0B9A-4749-B1B4-928137242D8C} = {8B954413-7517-4890-9E99-D13D1303CE32}
	EndGlobalSection
	GlobalSection(ExtensibilityGlobals) = postSolution
		SolutionGuid = {35C93FF7-E78A-446A-9EC9-52C8F89B3511}
	EndGlobalSection
EndGlobal
